// !$*UTF8*$!
{
	archiveVersion = 1;
	classes = {
	};
	objectVersion = 77;
	objects = {

/* Begin PBXContainerItemProxy section */
		B5946D0E2D3A46CE00AB0403 /* PBXContainerItemProxy */ = {
			isa = PBXContainerItemProxy;
			containerPortal = B5946CF52D3A46CC00AB0403 /* Project object */;
			proxyType = 1;
			remoteGlobalIDString = B5946CFC2D3A46CC00AB0403;
			remoteInfo = "IOS-APP_ASE2";
		};
		B5946D182D3A46CE00AB0403 /* PBXContainerItemProxy */ = {
			isa = PBXContainerItemProxy;
			containerPortal = B5946CF52D3A46CC00AB0403 /* Project object */;
			proxyType = 1;
			remoteGlobalIDString = B5946CFC2D3A46CC00AB0403;
			remoteInfo = "IOS-APP_ASE2";
		};
/* End PBXContainerItemProxy section */

/* Begin PBXFileReference section */
		B5946CFD2D3A46CC00AB0403 /* IOS-APP_ASE2.app */ = {isa = PBXFileReference; explicitFileType = wrapper.application; includeInIndex = 0; path = "IOS-APP_ASE2.app"; sourceTree = BUILT_PRODUCTS_DIR; };
		B5946D0D2D3A46CE00AB0403 /* IOS-APP_ASE2Tests.xctest */ = {isa = PBXFileReference; explicitFileType = wrapper.cfbundle; includeInIndex = 0; path = "IOS-APP_ASE2Tests.xctest"; sourceTree = BUILT_PRODUCTS_DIR; };
		B5946D172D3A46CE00AB0403 /* IOS-APP_ASE2UITests.xctest */ = {isa = PBXFileReference; explicitFileType = wrapper.cfbundle; includeInIndex = 0; path = "IOS-APP_ASE2UITests.xctest"; sourceTree = BUILT_PRODUCTS_DIR; };
		B5946D4C2D3A5ED100AB0403 /* IOS-APP_ASE2.xcodeproj */ = {isa = PBXFileReference; lastKnownFileType = "wrapper.pb-project"; path = "IOS-APP_ASE2.xcodeproj"; sourceTree = "<group>"; };
		B5946D582D3A5ED500AB0403 /* IOS-APP_ASE2.xcodeproj */ = {isa = PBXFileReference; lastKnownFileType = "wrapper.pb-project"; path = "IOS-APP_ASE2.xcodeproj"; sourceTree = "<group>"; };
/* End PBXFileReference section */

/* Begin PBXFileSystemSynchronizedRootGroup section */
		B5946CFF2D3A46CC00AB0403 /* IOS-APP_ASE2 */ = {
			isa = PBXFileSystemSynchronizedRootGroup;
			path = "IOS-APP_ASE2";
			sourceTree = "<group>";
		};
		B5946D102D3A46CE00AB0403 /* IOS-APP_ASE2Tests */ = {
			isa = PBXFileSystemSynchronizedRootGroup;
			path = "IOS-APP_ASE2Tests";
			sourceTree = "<group>";
		};
		B5946D1A2D3A46CE00AB0403 /* IOS-APP_ASE2UITests */ = {
			isa = PBXFileSystemSynchronizedRootGroup;
			path = "IOS-APP_ASE2UITests";
			sourceTree = "<group>";
		};
/* End PBXFileSystemSynchronizedRootGroup section */

/* Begin PBXFrameworksBuildPhase section */
		B5946CFA2D3A46CC00AB0403 /* Frameworks */ = {
			isa = PBXFrameworksBuildPhase;
			buildActionMask = 2147483647;
			files = (
			);
			runOnlyForDeploymentPostprocessing = 0;
		};
		B5946D0A2D3A46CE00AB0403 /* Frameworks */ = {
			isa = PBXFrameworksBuildPhase;
			buildActionMask = 2147483647;
			files = (
			);
			runOnlyForDeploymentPostprocessing = 0;
		};
		B5946D142D3A46CE00AB0403 /* Frameworks */ = {
			isa = PBXFrameworksBuildPhase;
			buildActionMask = 2147483647;
			files = (
			);
			runOnlyForDeploymentPostprocessing = 0;
		};
/* End PBXFrameworksBuildPhase section */

/* Begin PBXGroup section */
		B5946CF42D3A46CC00AB0403 = {
			isa = PBXGroup;
			children = (
				B5946CFF2D3A46CC00AB0403 /* IOS-APP_ASE2 */,
				B5946D102D3A46CE00AB0403 /* IOS-APP_ASE2Tests */,
				B5946D1A2D3A46CE00AB0403 /* IOS-APP_ASE2UITests */,
				B5946CFE2D3A46CC00AB0403 /* Products */,
			);
			sourceTree = "<group>";
		};
		B5946CFE2D3A46CC00AB0403 /* Products */ = {
			isa = PBXGroup;
			children = (
				B5946CFD2D3A46CC00AB0403 /* IOS-APP_ASE2.app */,
				B5946D0D2D3A46CE00AB0403 /* IOS-APP_ASE2Tests.xctest */,
				B5946D172D3A46CE00AB0403 /* IOS-APP_ASE2UITests.xctest */,
			);
			name = Products;
			sourceTree = "<group>";
		};
		B5946D4D2D3A5ED100AB0403 /* Products */ = {
			isa = PBXGroup;
			children = (
			);
			name = Products;
			sourceTree = "<group>";
		};
		B5946D592D3A5ED500AB0403 /* Products */ = {
			isa = PBXGroup;
			children = (
			);
			name = Products;
			sourceTree = "<group>";
		};
/* End PBXGroup section */

/* Begin PBXNativeTarget section */
		B5946CFC2D3A46CC00AB0403 /* IOS-APP_ASE2 */ = {
			isa = PBXNativeTarget;
			buildConfigurationList = B5946D212D3A46CE00AB0403 /* Build configuration list for PBXNativeTarget "IOS-APP_ASE2" */;
			buildPhases = (
				B5946CF92D3A46CC00AB0403 /* Sources */,
				B5946CFA2D3A46CC00AB0403 /* Frameworks */,
				B5946CFB2D3A46CC00AB0403 /* Resources */,
			);
			buildRules = (
			);
			dependencies = (
			);
			fileSystemSynchronizedGroups = (
				B5946CFF2D3A46CC00AB0403 /* IOS-APP_ASE2 */,
			);
			name = "IOS-APP_ASE2";
			packageProductDependencies = (
			);
			productName = "IOS-APP_ASE2";
			productReference = B5946CFD2D3A46CC00AB0403 /* IOS-APP_ASE2.app */;
			productType = "com.apple.product-type.application";
		};
		B5946D0C2D3A46CE00AB0403 /* IOS-APP_ASE2Tests */ = {
			isa = PBXNativeTarget;
			buildConfigurationList = B5946D242D3A46CE00AB0403 /* Build configuration list for PBXNativeTarget "IOS-APP_ASE2Tests" */;
			buildPhases = (
				B5946D092D3A46CE00AB0403 /* Sources */,
				B5946D0A2D3A46CE00AB0403 /* Frameworks */,
				B5946D0B2D3A46CE00AB0403 /* Resources */,
			);
			buildRules = (
			);
			dependencies = (
				B5946D0F2D3A46CE00AB0403 /* PBXTargetDependency */,
			);
			fileSystemSynchronizedGroups = (
				B5946D102D3A46CE00AB0403 /* IOS-APP_ASE2Tests */,
			);
			name = "IOS-APP_ASE2Tests";
			packageProductDependencies = (
			);
			productName = "IOS-APP_ASE2Tests";
			productReference = B5946D0D2D3A46CE00AB0403 /* IOS-APP_ASE2Tests.xctest */;
			productType = "com.apple.product-type.bundle.unit-test";
		};
		B5946D162D3A46CE00AB0403 /* IOS-APP_ASE2UITests */ = {
			isa = PBXNativeTarget;
			buildConfigurationList = B5946D272D3A46CE00AB0403 /* Build configuration list for PBXNativeTarget "IOS-APP_ASE2UITests" */;
			buildPhases = (
				B5946D132D3A46CE00AB0403 /* Sources */,
				B5946D142D3A46CE00AB0403 /* Frameworks */,
				B5946D152D3A46CE00AB0403 /* Resources */,
			);
			buildRules = (
			);
			dependencies = (
				B5946D192D3A46CE00AB0403 /* PBXTargetDependency */,
			);
			fileSystemSynchronizedGroups = (
				B5946D1A2D3A46CE00AB0403 /* IOS-APP_ASE2UITests */,
			);
			name = "IOS-APP_ASE2UITests";
			packageProductDependencies = (
			);
			productName = "IOS-APP_ASE2UITests";
			productReference = B5946D172D3A46CE00AB0403 /* IOS-APP_ASE2UITests.xctest */;
			productType = "com.apple.product-type.bundle.ui-testing";
		};
/* End PBXNativeTarget section */

/* Begin PBXProject section */
		B5946CF52D3A46CC00AB0403 /* Project object */ = {
			isa = PBXProject;
			attributes = {
				BuildIndependentTargetsInParallel = 1;
				LastSwiftUpdateCheck = 1620;
				LastUpgradeCheck = 1620;
				TargetAttributes = {
					B5946CFC2D3A46CC00AB0403 = {
						CreatedOnToolsVersion = 16.2;
					};
					B5946D0C2D3A46CE00AB0403 = {
						CreatedOnToolsVersion = 16.2;
						TestTargetID = B5946CFC2D3A46CC00AB0403;
					};
					B5946D162D3A46CE00AB0403 = {
						CreatedOnToolsVersion = 16.2;
						TestTargetID = B5946CFC2D3A46CC00AB0403;
					};
				};
			};
			buildConfigurationList = B5946CF82D3A46CC00AB0403 /* Build configuration list for PBXProject "IOS-APP_ASE2" */;
			developmentRegion = en;
			hasScannedForEncodings = 0;
			knownRegions = (
				en,
				Base,
			);
			mainGroup = B5946CF42D3A46CC00AB0403;
			minimizedProjectReferenceProxies = 1;
			preferredProjectObjectVersion = 77;
			productRefGroup = B5946CFE2D3A46CC00AB0403 /* Products */;
			projectDirPath = "";
			projectReferences = (
				{
					ProductGroup = B5946D592D3A5ED500AB0403 /* Products */;
					ProjectRef = B5946D582D3A5ED500AB0403 /* IOS-APP_ASE2.xcodeproj */;
				},
				{
					ProductGroup = B5946D4D2D3A5ED100AB0403 /* Products */;
					ProjectRef = B5946D4C2D3A5ED100AB0403 /* IOS-APP_ASE2.xcodeproj */;
				},
			);
			projectRoot = "";
			targets = (
				B5946CFC2D3A46CC00AB0403 /* IOS-APP_ASE2 */,
				B5946D0C2D3A46CE00AB0403 /* IOS-APP_ASE2Tests */,
				B5946D162D3A46CE00AB0403 /* IOS-APP_ASE2UITests */,
			);
		};
/* End PBXProject section */

/* Begin PBXResourcesBuildPhase section */
		B5946CFB2D3A46CC00AB0403 /* Resources */ = {
			isa = PBXResourcesBuildPhase;
			buildActionMask = 2147483647;
			files = (
			);
			runOnlyForDeploymentPostprocessing = 0;
		};
		B5946D0B2D3A46CE00AB0403 /* Resources */ = {
			isa = PBXResourcesBuildPhase;
			buildActionMask = 2147483647;
			files = (
			);
			runOnlyForDeploymentPostprocessing = 0;
		};
		B5946D152D3A46CE00AB0403 /* Resources */ = {
			isa = PBXResourcesBuildPhase;
			buildActionMask = 2147483647;
			files = (
			);
			runOnlyForDeploymentPostprocessing = 0;
		};
/* End PBXResourcesBuildPhase section */

/* Begin PBXSourcesBuildPhase section */
		B5946CF92D3A46CC00AB0403 /* Sources */ = {
			isa = PBXSourcesBuildPhase;
			buildActionMask = 2147483647;
			files = (
			);
			runOnlyForDeploymentPostprocessing = 0;
		};
		B5946D092D3A46CE00AB0403 /* Sources */ = {
			isa = PBXSourcesBuildPhase;
			buildActionMask = 2147483647;
			files = (
			);
			runOnlyForDeploymentPostprocessing = 0;
		};
		B5946D132D3A46CE00AB0403 /* Sources */ = {
			isa = PBXSourcesBuildPhase;
			buildActionMask = 2147483647;
			files = (
			);
			runOnlyForDeploymentPostprocessing = 0;
		};
/* End PBXSourcesBuildPhase section */

/* Begin PBXTargetDependency section */
		B5946D0F2D3A46CE00AB0403 /* PBXTargetDependency */ = {
			isa = PBXTargetDependency;
			target = B5946CFC2D3A46CC00AB0403 /* IOS-APP_ASE2 */;
			targetProxy = B5946D0E2D3A46CE00AB0403 /* PBXContainerItemProxy */;
		};
		B5946D192D3A46CE00AB0403 /* PBXTargetDependency */ = {
			isa = PBXTargetDependency;
			target = B5946CFC2D3A46CC00AB0403 /* IOS-APP_ASE2 */;
			targetProxy = B5946D182D3A46CE00AB0403 /* PBXContainerItemProxy */;
		};
/* End PBXTargetDependency section */

/* Begin XCBuildConfiguration section */
		B5946D1F2D3A46CE00AB0403 /* Debug */ = {
			isa = XCBuildConfiguration;
			buildSettings = {
				ALWAYS_SEARCH_USER_PATHS = NO;
				ASSETCATALOG_COMPILER_GENERATE_SWIFT_ASSET_SYMBOL_EXTENSIONS = YES;
				CLANG_ANALYZER_NONNULL = YES;
				CLANG_ANALYZER_NUMBER_OBJECT_CONVERSION = YES_AGGRESSIVE;
				CLANG_CXX_LANGUAGE_STANDARD = "gnu++20";
				CLANG_ENABLE_MODULES = YES;
				CLANG_ENABLE_OBJC_ARC = YES;
				CLANG_ENABLE_OBJC_WEAK = YES;
				CLANG_WARN_BLOCK_CAPTURE_AUTORELEASING = YES;
				CLANG_WARN_BOOL_CONVERSION = YES;
				CLANG_WARN_COMMA = YES;
				CLANG_WARN_CONSTANT_CONVERSION = YES;
				CLANG_WARN_DEPRECATED_OBJC_IMPLEMENTATIONS = YES;
				CLANG_WARN_DIRECT_OBJC_ISA_USAGE = YES_ERROR;
				CLANG_WARN_DOCUMENTATION_COMMENTS = YES;
				CLANG_WARN_EMPTY_BODY = YES;
				CLANG_WARN_ENUM_CONVERSION = YES;
				CLANG_WARN_INFINITE_RECURSION = YES;
				CLANG_WARN_INT_CONVERSION = YES;
				CLANG_WARN_NON_LITERAL_NULL_CONVERSION = YES;
				CLANG_WARN_OBJC_IMPLICIT_RETAIN_SELF = YES;
				CLANG_WARN_OBJC_LITERAL_CONVERSION = YES;
				CLANG_WARN_OBJC_ROOT_CLASS = YES_ERROR;
				CLANG_WARN_QUOTED_INCLUDE_IN_FRAMEWORK_HEADER = YES;
				CLANG_WARN_RANGE_LOOP_ANALYSIS = YES;
				CLANG_WARN_STRICT_PROTOTYPES = YES;
				CLANG_WARN_SUSPICIOUS_MOVE = YES;
				CLANG_WARN_UNGUARDED_AVAILABILITY = YES_AGGRESSIVE;
				CLANG_WARN_UNREACHABLE_CODE = YES;
				CLANG_WARN__DUPLICATE_METHOD_MATCH = YES;
				COPY_PHASE_STRIP = NO;
				DEBUG_INFORMATION_FORMAT = dwarf;
				ENABLE_STRICT_OBJC_MSGSEND = YES;
				ENABLE_TESTABILITY = YES;
				ENABLE_USER_SCRIPT_SANDBOXING = YES;
				GCC_C_LANGUAGE_STANDARD = gnu17;
				GCC_DYNAMIC_NO_PIC = NO;
				GCC_NO_COMMON_BLOCKS = YES;
				GCC_OPTIMIZATION_LEVEL = 0;
				GCC_PREPROCESSOR_DEFINITIONS = (
					"DEBUG=1",
					"$(inherited)",
				);
				GCC_WARN_64_TO_32_BIT_CONVERSION = YES;
				GCC_WARN_ABOUT_RETURN_TYPE = YES_ERROR;
				GCC_WARN_UNDECLARED_SELECTOR = YES;
				GCC_WARN_UNINITIALIZED_AUTOS = YES_AGGRESSIVE;
				GCC_WARN_UNUSED_FUNCTION = YES;
				GCC_WARN_UNUSED_VARIABLE = YES;
				IPHONEOS_DEPLOYMENT_TARGET = 18.2;
				LOCALIZATION_PREFERS_STRING_CATALOGS = YES;
				MTL_ENABLE_DEBUG_INFO = INCLUDE_SOURCE;
				MTL_FAST_MATH = YES;
				ONLY_ACTIVE_ARCH = YES;
				SDKROOT = iphoneos;
				SWIFT_ACTIVE_COMPILATION_CONDITIONS = "DEBUG $(inherited)";
				SWIFT_OPTIMIZATION_LEVEL = "-Onone";
			};
			name = Debug;
		};
		B5946D202D3A46CE00AB0403 /* Release */ = {
			isa = XCBuildConfiguration;
			buildSettings = {
				ALWAYS_SEARCH_USER_PATHS = NO;
				ASSETCATALOG_COMPILER_GENERATE_SWIFT_ASSET_SYMBOL_EXTENSIONS = YES;
				CLANG_ANALYZER_NONNULL = YES;
				CLANG_ANALYZER_NUMBER_OBJECT_CONVERSION = YES_AGGRESSIVE;
				CLANG_CXX_LANGUAGE_STANDARD = "gnu++20";
				CLANG_ENABLE_MODULES = YES;
				CLANG_ENABLE_OBJC_ARC = YES;
				CLANG_ENABLE_OBJC_WEAK = YES;
				CLANG_WARN_BLOCK_CAPTURE_AUTORELEASING = YES;
				CLANG_WARN_BOOL_CONVERSION = YES;
				CLANG_WARN_COMMA = YES;
				CLANG_WARN_CONSTANT_CONVERSION = YES;
				CLANG_WARN_DEPRECATED_OBJC_IMPLEMENTATIONS = YES;
				CLANG_WARN_DIRECT_OBJC_ISA_USAGE = YES_ERROR;
				CLANG_WARN_DOCUMENTATION_COMMENTS = YES;
				CLANG_WARN_EMPTY_BODY = YES;
				CLANG_WARN_ENUM_CONVERSION = YES;
				CLANG_WARN_INFINITE_RECURSION = YES;
				CLANG_WARN_INT_CONVERSION = YES;
				CLANG_WARN_NON_LITERAL_NULL_CONVERSION = YES;
				CLANG_WARN_OBJC_IMPLICIT_RETAIN_SELF = YES;
				CLANG_WARN_OBJC_LITERAL_CONVERSION = YES;
				CLANG_WARN_OBJC_ROOT_CLASS = YES_ERROR;
				CLANG_WARN_QUOTED_INCLUDE_IN_FRAMEWORK_HEADER = YES;
				CLANG_WARN_RANGE_LOOP_ANALYSIS = YES;
				CLANG_WARN_STRICT_PROTOTYPES = YES;
				CLANG_WARN_SUSPICIOUS_MOVE = YES;
				CLANG_WARN_UNGUARDED_AVAILABILITY = YES_AGGRESSIVE;
				CLANG_WARN_UNREACHABLE_CODE = YES;
				CLANG_WARN__DUPLICATE_METHOD_MATCH = YES;
				COPY_PHASE_STRIP = NO;
				DEBUG_INFORMATION_FORMAT = "dwarf-with-dsym";
				ENABLE_NS_ASSERTIONS = NO;
				ENABLE_STRICT_OBJC_MSGSEND = YES;
				ENABLE_USER_SCRIPT_SANDBOXING = YES;
				GCC_C_LANGUAGE_STANDARD = gnu17;
				GCC_NO_COMMON_BLOCKS = YES;
				GCC_WARN_64_TO_32_BIT_CONVERSION = YES;
				GCC_WARN_ABOUT_RETURN_TYPE = YES_ERROR;
				GCC_WARN_UNDECLARED_SELECTOR = YES;
				GCC_WARN_UNINITIALIZED_AUTOS = YES_AGGRESSIVE;
				GCC_WARN_UNUSED_FUNCTION = YES;
				GCC_WARN_UNUSED_VARIABLE = YES;
				IPHONEOS_DEPLOYMENT_TARGET = 18.2;
				LOCALIZATION_PREFERS_STRING_CATALOGS = YES;
				MTL_ENABLE_DEBUG_INFO = NO;
				MTL_FAST_MATH = YES;
				SDKROOT = iphoneos;
				SWIFT_COMPILATION_MODE = wholemodule;
				VALIDATE_PRODUCT = YES;
			};
			name = Release;
		};
		B5946D222D3A46CE00AB0403 /* Debug */ = {
			isa = XCBuildConfiguration;
			buildSettings = {
				ASSETCATALOG_COMPILER_APPICON_NAME = AppIcon;
				ASSETCATALOG_COMPILER_GLOBAL_ACCENT_COLOR_NAME = AccentColor;
				CODE_SIGN_STYLE = Automatic;
				CURRENT_PROJECT_VERSION = 1;
				DEVELOPMENT_ASSET_PATHS = "\"IOS-APP_ASE2/Preview Content\"";
				ENABLE_PREVIEWS = YES;
				GENERATE_INFOPLIST_FILE = YES;
				INFOPLIST_KEY_UIApplicationSceneManifest_Generation = YES;
				INFOPLIST_KEY_UIApplicationSupportsIndirectInputEvents = YES;
				INFOPLIST_KEY_UILaunchScreen_Generation = YES;
				INFOPLIST_KEY_UISupportedInterfaceOrientations_iPad = "UIInterfaceOrientationPortrait UIInterfaceOrientationPortraitUpsideDown UIInterfaceOrientationLandscapeLeft UIInterfaceOrientationLandscapeRight";
				INFOPLIST_KEY_UISupportedInterfaceOrientations_iPhone = "UIInterfaceOrientationPortrait UIInterfaceOrientationLandscapeLeft UIInterfaceOrientationLandscapeRight";
				LD_RUNPATH_SEARCH_PATHS = (
					"$(inherited)",
					"@executable_path/Frameworks",
				);
				MARKETING_VERSION = 1.0;
				PRODUCT_BUNDLE_IDENTIFIER = "ersteEinheit.IOS-APP-ASE2";
				PRODUCT_NAME = "$(TARGET_NAME)";
				SWIFT_EMIT_LOC_STRINGS = YES;
				SWIFT_VERSION = 5.0;
				TARGETED_DEVICE_FAMILY = "1,2";
			};
			name = Debug;
		};
		B5946D232D3A46CE00AB0403 /* Release */ = {
			isa = XCBuildConfiguration;
			buildSettings = {
				ASSETCATALOG_COMPILER_APPICON_NAME = AppIcon;
				ASSETCATALOG_COMPILER_GLOBAL_ACCENT_COLOR_NAME = AccentColor;
				CODE_SIGN_STYLE = Automatic;
				CURRENT_PROJECT_VERSION = 1;
				DEVELOPMENT_ASSET_PATHS = "\"IOS-APP_ASE2/Preview Content\"";
				ENABLE_PREVIEWS = YES;
				GENERATE_INFOPLIST_FILE = YES;
				INFOPLIST_KEY_UIApplicationSceneManifest_Generation = YES;
				INFOPLIST_KEY_UIApplicationSupportsIndirectInputEvents = YES;
				INFOPLIST_KEY_UILaunchScreen_Generation = YES;
				INFOPLIST_KEY_UISupportedInterfaceOrientations_iPad = "UIInterfaceOrientationPortrait UIInterfaceOrientationPortraitUpsideDown UIInterfaceOrientationLandscapeLeft UIInterfaceOrientationLandscapeRight";
				INFOPLIST_KEY_UISupportedInterfaceOrientations_iPhone = "UIInterfaceOrientationPortrait UIInterfaceOrientationLandscapeLeft UIInterfaceOrientationLandscapeRight";
				LD_RUNPATH_SEARCH_PATHS = (
					"$(inherited)",
					"@executable_path/Frameworks",
				);
				MARKETING_VERSION = 1.0;
				PRODUCT_BUNDLE_IDENTIFIER = "ersteEinheit.IOS-APP-ASE2";
				PRODUCT_NAME = "$(TARGET_NAME)";
				SWIFT_EMIT_LOC_STRINGS = YES;
				SWIFT_VERSION = 5.0;
				TARGETED_DEVICE_FAMILY = "1,2";
			};
			name = Release;
		};
		B5946D252D3A46CE00AB0403 /* Debug */ = {
			isa = XCBuildConfiguration;
			buildSettings = {
				BUNDLE_LOADER = "$(TEST_HOST)";
				CODE_SIGN_STYLE = Automatic;
				CURRENT_PROJECT_VERSION = 1;
				GENERATE_INFOPLIST_FILE = YES;
				IPHONEOS_DEPLOYMENT_TARGET = 18.2;
				MARKETING_VERSION = 1.0;
				PRODUCT_BUNDLE_IDENTIFIER = "ersteEinheit.IOS-APP-ASE2Tests";
				PRODUCT_NAME = "$(TARGET_NAME)";
				SWIFT_EMIT_LOC_STRINGS = NO;
				SWIFT_VERSION = 5.0;
				TARGETED_DEVICE_FAMILY = "1,2";
				TEST_HOST = "$(BUILT_PRODUCTS_DIR)/IOS-APP_ASE2.app/$(BUNDLE_EXECUTABLE_FOLDER_PATH)/IOS-APP_ASE2";
			};
			name = Debug;
		};
		B5946D262D3A46CE00AB0403 /* Release */ = {
			isa = XCBuildConfiguration;
			buildSettings = {
				BUNDLE_LOADER = "$(TEST_HOST)";
				CODE_SIGN_STYLE = Automatic;
				CURRENT_PROJECT_VERSION = 1;
				GENERATE_INFOPLIST_FILE = YES;
				IPHONEOS_DEPLOYMENT_TARGET = 18.2;
				MARKETING_VERSION = 1.0;
				PRODUCT_BUNDLE_IDENTIFIER = "ersteEinheit.IOS-APP-ASE2Tests";
				PRODUCT_NAME = "$(TARGET_NAME)";
				SWIFT_EMIT_LOC_STRINGS = NO;
				SWIFT_VERSION = 5.0;
				TARGETED_DEVICE_FAMILY = "1,2";
				TEST_HOST = "$(BUILT_PRODUCTS_DIR)/IOS-APP_ASE2.app/$(BUNDLE_EXECUTABLE_FOLDER_PATH)/IOS-APP_ASE2";
			};
			name = Release;
		};
		B5946D282D3A46CE00AB0403 /* Debug */ = {
			isa = XCBuildConfiguration;
			buildSettings = {
				CODE_SIGN_STYLE = Automatic;
				CURRENT_PROJECT_VERSION = 1;
				GENERATE_INFOPLIST_FILE = YES;
				MARKETING_VERSION = 1.0;
				PRODUCT_BUNDLE_IDENTIFIER = "ersteEinheit.IOS-APP-ASE2UITests";
				PRODUCT_NAME = "$(TARGET_NAME)";
				SWIFT_EMIT_LOC_STRINGS = NO;
				SWIFT_VERSION = 5.0;
				TARGETED_DEVICE_FAMILY = "1,2";
				TEST_TARGET_NAME = "IOS-APP_ASE2";
			};
			name = Debug;
		};
		B5946D292D3A46CE00AB0403 /* Release */ = {
			isa = XCBuildConfiguration;
			buildSettings = {
				CODE_SIGN_STYLE = Automatic;
				CURRENT_PROJECT_VERSION = 1;
				GENERATE_INFOPLIST_FILE = YES;
				MARKETING_VERSION = 1.0;
				PRODUCT_BUNDLE_IDENTIFIER = "ersteEinheit.IOS-APP-ASE2UITests";
				PRODUCT_NAME = "$(TARGET_NAME)";
				SWIFT_EMIT_LOC_STRINGS = NO;
				SWIFT_VERSION = 5.0;
				TARGETED_DEVICE_FAMILY = "1,2";
				TEST_TARGET_NAME = "IOS-APP_ASE2";
			};
			name = Release;
		};
/* End XCBuildConfiguration section */

/* Begin XCConfigurationList section */
		B5946CF82D3A46CC00AB0403 /* Build configuration list for PBXProject "IOS-APP_ASE2" */ = {
			isa = XCConfigurationList;
			buildConfigurations = (
				B5946D1F2D3A46CE00AB0403 /* Debug */,
				B5946D202D3A46CE00AB0403 /* Release */,
			);
			defaultConfigurationIsVisible = 0;
			defaultConfigurationName = Release;
		};
		B5946D212D3A46CE00AB0403 /* Build configuration list for PBXNativeTarget "IOS-APP_ASE2" */ = {
			isa = XCConfigurationList;
			buildConfigurations = (
				B5946D222D3A46CE00AB0403 /* Debug */,
				B5946D232D3A46CE00AB0403 /* Release */,
			);
			defaultConfigurationIsVisible = 0;
			defaultConfigurationName = Release;
		};
		B5946D242D3A46CE00AB0403 /* Build configuration list for PBXNativeTarget "IOS-APP_ASE2Tests" */ = {
			isa = XCConfigurationList;
			buildConfigurations = (
				B5946D252D3A46CE00AB0403 /* Debug */,
				B5946D262D3A46CE00AB0403 /* Release */,
			);
			defaultConfigurationIsVisible = 0;
			defaultConfigurationName = Release;
		};
		B5946D272D3A46CE00AB0403 /* Build configuration list for PBXNativeTarget "IOS-APP_ASE2UITests" */ = {
			isa = XCConfigurationList;
			buildConfigurations = (
				B5946D282D3A46CE00AB0403 /* Debug */,
				B5946D292D3A46CE00AB0403 /* Release */,
			);
			defaultConfigurationIsVisible = 0;
			defaultConfigurationName = Release;
		};
/* End XCConfigurationList section */
	};
	rootObject = B5946CF52D3A46CC00AB0403 /* Project object */;
}
